schema: '2.0'
stages:
  data_ingestion:
    cmd: python src/deepClassifier/pipeline/stage01_dataingestion.py
    deps:
    - path: configs/config.yaml
      md5: a888333777896f93713a5c1ec53872e8
      size: 835
    - path: src/deepClassifier/pipeline/stage01_dataingestion.py
      md5: cc62c8c5edfb0f56a5e9b13eb405e78d
      size: 723
    outs:
    - path: artifacts/data_ingestion/PetImages
      md5: 3a5cf86541f22c236620ce5b952ad684.dir
      size: 848866410
      nfiles: 24998
  prepare_base_model:
    cmd: python src/deepClassifier/pipeline/stage02_prepare_base_model.py
    deps:
    - path: configs/config.yaml
      md5: a888333777896f93713a5c1ec53872e8
      size: 835
    - path: src/deepClassifier/pipeline/stage02_prepare_base_model.py
      md5: 2d3e3ea4e6b3b70a34bb9e158e24c2ea
      size: 793
    params:
      params.yaml:
        CLASSES: 2
        IMAGE_SIZE:
        - 224
        - 224
        - 3
        INCLUDE_TOP: false
        LEARNING_RATE: 0.01
        WEIGHTS: imagenet
    outs:
    - path: artifacts/prepare_base_model
      md5: dc1501c5f1a89e1fbac5ece7943c8013.dir
      size: 118054512
      nfiles: 2
