schema: '2.0'
stages:
  data_ingestion:
    cmd: python src/deepClassifier/pipeline/stage01_dataingestion.py
    deps:
    - path: configs/config.yaml
      md5: a888333777896f93713a5c1ec53872e8
      size: 835
    - path: src/deepClassifier/pipeline/stage01_dataingestion.py
      md5: cc62c8c5edfb0f56a5e9b13eb405e78d
      size: 723
    outs:
    - path: artifacts/data_ingestion/PetImages
      md5: 3a5cf86541f22c236620ce5b952ad684.dir
      size: 848866410
      nfiles: 24998
